
Microsoft Visual Studio Solution File, Format Version 12.00
# Visual Studio Version 16
VisualStudioVersion = 16.0.30128.74
MinimumVisualStudioVersion = 10.0.40219.1
Project("{FAE04EC0-301F-11D3-BF4B-00C04F79EFBC}") = "WebStore1p", "WebStore1p\WebStore1p.csproj", "{28B00E69-AC0E-46E0-8D62-98C01798DA22}"
EndProject
Global
	GlobalSection(SolutionConfigurationPlatforms) = preSolution
		Debug|Any CPU = Debug|Any CPU
		Release|Any CPU = Release|Any CPU
	EndGlobalSection
	GlobalSection(ProjectConfigurationPlatforms) = postSolution
		{28B00E69-AC0E-46E0-8D62-98C01798DA22}.Debug|Any CPU.ActiveCfg = Debug|Any CPU
		{28B00E69-AC0E-46E0-8D62-98C01798DA22}.Debug|Any CPU.Build.0 = Debug|Any CPU
		{28B00E69-AC0E-46E0-8D62-98C01798DA22}.Release|Any CPU.ActiveCfg = Release|Any CPU
		{28B00E69-AC0E-46E0-8D62-98C01798DA22}.Release|Any CPU.Build.0 = Release|Any CPU
	EndGlobalSection
	GlobalSection(SolutionProperties) = preSolution
		HideSolutionNode = FALSE
	EndGlobalSection
	GlobalSection(ExtensibilityGlobals) = postSolution
		SolutionGuid = {6C5980A1-A920-451D-BC9E-2497136D79A3}
	EndGlobalSection
EndGlobal
