
Microsoft Visual Studio Solution File, Format Version 12.00
# Visual Studio Version 16
VisualStudioVersion = 16.0.30128.74
MinimumVisualStudioVersion = 10.0.40219.1
Project("{9A19103F-16F7-4668-BE54-9A1E7A4F7556}") = "WebStore1p", "WebStore1p\WebStore1p.csproj", "{28B00E69-AC0E-46E0-8D62-98C01798DA22}"
EndProject
Project("{9A19103F-16F7-4668-BE54-9A1E7A4F7556}") = "WebStore1p.Domain", "WebStore1p.Domain\WebStore1p.Domain.csproj", "{DA43D553-A395-47DB-A403-9027846B6C70}"
EndProject
Project("{FAE04EC0-301F-11D3-BF4B-00C04F79EFBC}") = "WebStore.DAL", "WebStore.DAL\WebStore.DAL.csproj", "{ADAF10A9-E28E-4B1D-8F0B-3E36B48EA6BB}"
EndProject
Global
	GlobalSection(SolutionConfigurationPlatforms) = preSolution
		Debug|Any CPU = Debug|Any CPU
		Release|Any CPU = Release|Any CPU
	EndGlobalSection
	GlobalSection(ProjectConfigurationPlatforms) = postSolution
		{28B00E69-AC0E-46E0-8D62-98C01798DA22}.Debug|Any CPU.ActiveCfg = Debug|Any CPU
		{28B00E69-AC0E-46E0-8D62-98C01798DA22}.Debug|Any CPU.Build.0 = Debug|Any CPU
		{28B00E69-AC0E-46E0-8D62-98C01798DA22}.Release|Any CPU.ActiveCfg = Release|Any CPU
		{28B00E69-AC0E-46E0-8D62-98C01798DA22}.Release|Any CPU.Build.0 = Release|Any CPU
		{DA43D553-A395-47DB-A403-9027846B6C70}.Debug|Any CPU.ActiveCfg = Debug|Any CPU
		{DA43D553-A395-47DB-A403-9027846B6C70}.Debug|Any CPU.Build.0 = Debug|Any CPU
		{DA43D553-A395-47DB-A403-9027846B6C70}.Release|Any CPU.ActiveCfg = Release|Any CPU
		{DA43D553-A395-47DB-A403-9027846B6C70}.Release|Any CPU.Build.0 = Release|Any CPU
		{ADAF10A9-E28E-4B1D-8F0B-3E36B48EA6BB}.Debug|Any CPU.ActiveCfg = Debug|Any CPU
		{ADAF10A9-E28E-4B1D-8F0B-3E36B48EA6BB}.Debug|Any CPU.Build.0 = Debug|Any CPU
		{ADAF10A9-E28E-4B1D-8F0B-3E36B48EA6BB}.Release|Any CPU.ActiveCfg = Release|Any CPU
		{ADAF10A9-E28E-4B1D-8F0B-3E36B48EA6BB}.Release|Any CPU.Build.0 = Release|Any CPU
	EndGlobalSection
	GlobalSection(SolutionProperties) = preSolution
		HideSolutionNode = FALSE
	EndGlobalSection
	GlobalSection(ExtensibilityGlobals) = postSolution
		SolutionGuid = {6C5980A1-A920-451D-BC9E-2497136D79A3}
	EndGlobalSection
EndGlobal
